// !$*UTF8*$!
{
	archiveVersion = 1;
	classes = {
	};
	objectVersion = 46;
	objects = {

/* Begin PBXBuildFile section */
		49B80F3C1880CDAF006D63AB /* CCSprite+Extensions.m in Sources */ = {isa = PBXBuildFile; fileRef = 49B80F361880A926006D63AB /* CCSprite+Extensions.m */; };
		4B1D68B6184A6F7E00BA8DFC /* GameoverScene.m in Sources */ = {isa = PBXBuildFile; fileRef = 4B1D68B5184A6F7E00BA8DFC /* GameoverScene.m */; };
		4B1D68B8184A75F500BA8DFC /* star.png in Resources */ = {isa = PBXBuildFile; fileRef = 4B1D68B7184A75F500BA8DFC /* star.png */; };
		4BC56E25183AC73A00FBE566 /* iTunesArtwork in Resources */ = {isa = PBXBuildFile; fileRef = 4BC56E24183AC73A00FBE566 /* iTunesArtwork */; };
		4BC56F9D183AC73D00FBE566 /* main.m in Sources */ = {isa = PBXBuildFile; fileRef = 4BC56F9C183AC73D00FBE566 /* main.m */; };
		4BC56FA0183AC73D00FBE566 /* AppDelegate.m in Sources */ = {isa = PBXBuildFile; fileRef = 4BC56F9F183AC73D00FBE566 /* AppDelegate.m */; };
		4BC56FA3183AC73D00FBE566 /* GameplayScene.m in Sources */ = {isa = PBXBuildFile; fileRef = 4BC56FA2183AC73D00FBE566 /* GameplayScene.m */; };
		4BC56FA6183AC73D00FBE566 /* IntroScene.m in Sources */ = {isa = PBXBuildFile; fileRef = 4BC56FA5183AC73D00FBE566 /* IntroScene.m */; };
		4BC56FB2183ACE2600FBE566 /* bubble.png in Resources */ = {isa = PBXBuildFile; fileRef = 4BC56FB1183ACE2600FBE566 /* bubble.png */; };
		4BF4AE54183E904C009FDC6F /* start_game.png in Resources */ = {isa = PBXBuildFile; fileRef = 4BF4AE53183E904C009FDC6F /* start_game.png */; };
		4BF4AE56183E9055009FDC6F /* badge.png in Resources */ = {isa = PBXBuildFile; fileRef = 4BF4AE55183E9055009FDC6F /* badge.png */; };
		4BF4AE60183EAFD7009FDC6F /* HUDLayer.m in Sources */ = {isa = PBXBuildFile; fileRef = 4BF4AE5F183EAFD7009FDC6F /* HUDLayer.m */; };
		D00896B11A15328F00416E61 /* Splyt.framework in Frameworks */ = {isa = PBXBuildFile; fileRef = D00896AF1A15328F00416E61 /* Splyt.framework */; };
		D00896B21A15328F00416E61 /* Cocos2D.framework in Frameworks */ = {isa = PBXBuildFile; fileRef = D00896B01A15328F00416E61 /* Cocos2D.framework */; };
		D0FCDE871A70294A0010057D /* Images.xcassets in Resources */ = {isa = PBXBuildFile; fileRef = D0FCDE861A70294A0010057D /* Images.xcassets */; };
/* End PBXBuildFile section */

/* Begin PBXFileReference section */
		497638F21885943500958832 /* BubblePopDefaults.h */ = {isa = PBXFileReference; fileEncoding = 4; lastKnownFileType = sourcecode.c.h; path = BubblePopDefaults.h; sourceTree = "<group>"; };
		49B80F351880A926006D63AB /* CCSprite+Extensions.h */ = {isa = PBXFileReference; lastKnownFileType = sourcecode.c.h; path = "CCSprite+Extensions.h"; sourceTree = "<group>"; };
		49B80F361880A926006D63AB /* CCSprite+Extensions.m */ = {isa = PBXFileReference; lastKnownFileType = sourcecode.c.objc; path = "CCSprite+Extensions.m"; sourceTree = "<group>"; };
		4B1D68B4184A6F7E00BA8DFC /* GameoverScene.h */ = {isa = PBXFileReference; fileEncoding = 4; lastKnownFileType = sourcecode.c.h; path = GameoverScene.h; sourceTree = "<group>"; };
		4B1D68B5184A6F7E00BA8DFC /* GameoverScene.m */ = {isa = PBXFileReference; fileEncoding = 4; lastKnownFileType = sourcecode.c.objc; path = GameoverScene.m; sourceTree = "<group>"; };
		4B1D68B7184A75F500BA8DFC /* star.png */ = {isa = PBXFileReference; lastKnownFileType = image.png; path = star.png; sourceTree = "<group>"; };
		4BC56DF6183AC73A00FBE566 /* bubblepop.app */ = {isa = PBXFileReference; explicitFileType = wrapper.application; includeInIndex = 0; path = bubblepop.app; sourceTree = BUILT_PRODUCTS_DIR; };
		4BC56E23183AC73A00FBE566 /* Info.plist */ = {isa = PBXFileReference; lastKnownFileType = text.plist.xml; name = Info.plist; path = Resources/Info.plist; sourceTree = "<group>"; };
		4BC56E24183AC73A00FBE566 /* iTunesArtwork */ = {isa = PBXFileReference; lastKnownFileType = text; name = iTunesArtwork; path = Resources/iTunesArtwork; sourceTree = "<group>"; };
		4BC56F9C183AC73D00FBE566 /* main.m */ = {isa = PBXFileReference; lastKnownFileType = sourcecode.c.objc; path = main.m; sourceTree = "<group>"; };
		4BC56F9E183AC73D00FBE566 /* AppDelegate.h */ = {isa = PBXFileReference; lastKnownFileType = sourcecode.c.h; path = AppDelegate.h; sourceTree = "<group>"; };
		4BC56F9F183AC73D00FBE566 /* AppDelegate.m */ = {isa = PBXFileReference; lastKnownFileType = sourcecode.c.objc; path = AppDelegate.m; sourceTree = "<group>"; };
		4BC56FA1183AC73D00FBE566 /* GameplayScene.h */ = {isa = PBXFileReference; lastKnownFileType = sourcecode.c.h; path = GameplayScene.h; sourceTree = "<group>"; };
		4BC56FA2183AC73D00FBE566 /* GameplayScene.m */ = {isa = PBXFileReference; lastKnownFileType = sourcecode.c.objc; path = GameplayScene.m; sourceTree = "<group>"; };
		4BC56FA4183AC73D00FBE566 /* IntroScene.h */ = {isa = PBXFileReference; lastKnownFileType = sourcecode.c.h; path = IntroScene.h; sourceTree = "<group>"; };
		4BC56FA5183AC73D00FBE566 /* IntroScene.m */ = {isa = PBXFileReference; lastKnownFileType = sourcecode.c.objc; path = IntroScene.m; sourceTree = "<group>"; };
		4BC56FB1183ACE2600FBE566 /* bubble.png */ = {isa = PBXFileReference; lastKnownFileType = image.png; path = bubble.png; sourceTree = "<group>"; };
		4BF4AE53183E904C009FDC6F /* start_game.png */ = {isa = PBXFileReference; lastKnownFileType = image.png; path = start_game.png; sourceTree = "<group>"; };
		4BF4AE55183E9055009FDC6F /* badge.png */ = {isa = PBXFileReference; lastKnownFileType = image.png; path = badge.png; sourceTree = "<group>"; };
		4BF4AE5E183EAFD6009FDC6F /* HUDLayer.h */ = {isa = PBXFileReference; fileEncoding = 4; lastKnownFileType = sourcecode.c.h; path = HUDLayer.h; sourceTree = "<group>"; };
		4BF4AE5F183EAFD7009FDC6F /* HUDLayer.m */ = {isa = PBXFileReference; fileEncoding = 4; lastKnownFileType = sourcecode.c.objc; path = HUDLayer.m; sourceTree = "<group>"; };
		D00896AF1A15328F00416E61 /* Splyt.framework */ = {isa = PBXFileReference; lastKnownFileType = wrapper.framework; name = Splyt.framework; path = bubblepop/Frameworks/Splyt.framework; sourceTree = "<group>"; };
		D00896B01A15328F00416E61 /* Cocos2D.framework */ = {isa = PBXFileReference; lastKnownFileType = wrapper.framework; name = Cocos2D.framework; path = bubblepop/Frameworks/Cocos2D.framework; sourceTree = "<group>"; };
		D0FCDE861A70294A0010057D /* Images.xcassets */ = {isa = PBXFileReference; lastKnownFileType = folder.assetcatalog; path = Images.xcassets; sourceTree = "<group>"; };
/* End PBXFileReference section */

/* Begin PBXFrameworksBuildPhase section */
		4BC56DF3183AC73A00FBE566 /* Frameworks */ = {
			isa = PBXFrameworksBuildPhase;
			buildActionMask = 2147483647;
			files = (
				D00896B21A15328F00416E61 /* Cocos2D.framework in Frameworks */,
				D00896B11A15328F00416E61 /* Splyt.framework in Frameworks */,
			);
			runOnlyForDeploymentPostprocessing = 0;
		};
/* End PBXFrameworksBuildPhase section */

/* Begin PBXGroup section */
		4BC56DED183AC73A00FBE566 = {
			isa = PBXGroup;
			children = (
				4BC56E0D183AC73A00FBE566 /* bubblepop */,
				4BC56DF8183AC73A00FBE566 /* Frameworks */,
				4BC56DF7183AC73A00FBE566 /* Products */,
			);
			sourceTree = "<group>";
		};
		4BC56DF7183AC73A00FBE566 /* Products */ = {
			isa = PBXGroup;
			children = (
				4BC56DF6183AC73A00FBE566 /* bubblepop.app */,
			);
			name = Products;
			sourceTree = "<group>";
		};
		4BC56DF8183AC73A00FBE566 /* Frameworks */ = {
			isa = PBXGroup;
			children = (
				D00896AF1A15328F00416E61 /* Splyt.framework */,
				D00896B01A15328F00416E61 /* Cocos2D.framework */,
			);
			name = Frameworks;
			sourceTree = "<group>";
		};
		4BC56E0D183AC73A00FBE566 /* bubblepop */ = {
			isa = PBXGroup;
			children = (
				4BC56F9F183AC73D00FBE566 /* AppDelegate.m */,
				4BC56F9E183AC73D00FBE566 /* AppDelegate.h */,
				497638F21885943500958832 /* BubblePopDefaults.h */,
				4BC56FA4183AC73D00FBE566 /* IntroScene.h */,
				4BC56FA5183AC73D00FBE566 /* IntroScene.m */,
				4BC56FA1183AC73D00FBE566 /* GameplayScene.h */,
				4BC56FA2183AC73D00FBE566 /* GameplayScene.m */,
				4B1D68B4184A6F7E00BA8DFC /* GameoverScene.h */,
				4B1D68B5184A6F7E00BA8DFC /* GameoverScene.m */,
				4BF4AE5E183EAFD6009FDC6F /* HUDLayer.h */,
				4BF4AE5F183EAFD7009FDC6F /* HUDLayer.m */,
				4BC56E0E183AC73A00FBE566 /* Resources */,
				D0FCDE861A70294A0010057D /* Images.xcassets */,
				4BC56F9A183AC73D00FBE566 /* Supporting Files */,
			);
			path = bubblepop;
			sourceTree = "<group>";
		};
		4BC56E0E183AC73A00FBE566 /* Resources */ = {
			isa = PBXGroup;
			children = (
				4B1D68B7184A75F500BA8DFC /* star.png */,
				4BF4AE55183E9055009FDC6F /* badge.png */,
				4BF4AE53183E904C009FDC6F /* start_game.png */,
				4BC56FB1183ACE2600FBE566 /* bubble.png */,
				4BC56E23183AC73A00FBE566 /* Info.plist */,
				4BC56E24183AC73A00FBE566 /* iTunesArtwork */,
			);
			name = Resources;
			sourceTree = "<group>";
		};
		4BC56F9A183AC73D00FBE566 /* Supporting Files */ = {
			isa = PBXGroup;
			children = (
				49B80F351880A926006D63AB /* CCSprite+Extensions.h */,
				49B80F361880A926006D63AB /* CCSprite+Extensions.m */,
				4BC56F9C183AC73D00FBE566 /* main.m */,
			);
			name = "Supporting Files";
			sourceTree = "<group>";
		};
/* End PBXGroup section */

/* Begin PBXNativeTarget section */
		4BC56DF5183AC73A00FBE566 /* bubblepop */ = {
			isa = PBXNativeTarget;
			buildConfigurationList = 4BC56FA9183AC73D00FBE566 /* Build configuration list for PBXNativeTarget "bubblepop" */;
			buildPhases = (
				4BC56DF2183AC73A00FBE566 /* Sources */,
				4BC56DF3183AC73A00FBE566 /* Frameworks */,
				4BC56DF4183AC73A00FBE566 /* Resources */,
			);
			buildRules = (
			);
			dependencies = (
			);
			name = bubblepop;
			productName = bubblepopios;
			productReference = 4BC56DF6183AC73A00FBE566 /* bubblepop.app */;
			productType = "com.apple.product-type.application";
		};
/* End PBXNativeTarget section */

/* Begin PBXProject section */
		4BC56DEE183AC73A00FBE566 /* Project object */ = {
			isa = PBXProject;
			attributes = {
				LastUpgradeCheck = 0610;
				ORGANIZATIONNAME = "Row Sham Bow, Inc.";
				TargetAttributes = {
					4BC56DF5183AC73A00FBE566 = {
						DevelopmentTeam = 557G7252GM;
					};
				};
			};
			buildConfigurationList = 4BC56DF1183AC73A00FBE566 /* Build configuration list for PBXProject "bubblepop" */;
			compatibilityVersion = "Xcode 3.2";
			developmentRegion = English;
			hasScannedForEncodings = 0;
			knownRegions = (
				en,
			);
			mainGroup = 4BC56DED183AC73A00FBE566;
			productRefGroup = 4BC56DF7183AC73A00FBE566 /* Products */;
			projectDirPath = "";
			projectRoot = "";
			targets = (
				4BC56DF5183AC73A00FBE566 /* bubblepop */,
			);
		};
/* End PBXProject section */

/* Begin PBXResourcesBuildPhase section */
		4BC56DF4183AC73A00FBE566 /* Resources */ = {
			isa = PBXResourcesBuildPhase;
			buildActionMask = 2147483647;
			files = (
				D0FCDE871A70294A0010057D /* Images.xcassets in Resources */,
				4BC56E25183AC73A00FBE566 /* iTunesArtwork in Resources */,
				4BC56FB2183ACE2600FBE566 /* bubble.png in Resources */,
				4BF4AE54183E904C009FDC6F /* start_game.png in Resources */,
				4BF4AE56183E9055009FDC6F /* badge.png in Resources */,
				4B1D68B8184A75F500BA8DFC /* star.png in Resources */,
			);
			runOnlyForDeploymentPostprocessing = 0;
		};
/* End PBXResourcesBuildPhase section */

/* Begin PBXSourcesBuildPhase section */
		4BC56DF2183AC73A00FBE566 /* Sources */ = {
			isa = PBXSourcesBuildPhase;
			buildActionMask = 2147483647;
			files = (
				49B80F3C1880CDAF006D63AB /* CCSprite+Extensions.m in Sources */,
				4BC56F9D183AC73D00FBE566 /* main.m in Sources */,
				4BC56FA0183AC73D00FBE566 /* AppDelegate.m in Sources */,
				4BC56FA3183AC73D00FBE566 /* GameplayScene.m in Sources */,
				4BC56FA6183AC73D00FBE566 /* IntroScene.m in Sources */,
				4B1D68B6184A6F7E00BA8DFC /* GameoverScene.m in Sources */,
				4BF4AE60183EAFD7009FDC6F /* HUDLayer.m in Sources */,
			);
			runOnlyForDeploymentPostprocessing = 0;
		};
/* End PBXSourcesBuildPhase section */

/* Begin XCBuildConfiguration section */
		4BC56FA7183AC73D00FBE566 /* Debug */ = {
			isa = XCBuildConfiguration;
			buildSettings = {
				CLANG_ENABLE_MODULES = YES;
				CLANG_WARN_BOOL_CONVERSION = YES;
				CLANG_WARN_CONSTANT_CONVERSION = YES;
				CLANG_WARN_EMPTY_BODY = YES;
				CLANG_WARN_ENUM_CONVERSION = YES;
				CLANG_WARN_INT_CONVERSION = YES;
				CLANG_WARN_UNREACHABLE_CODE = YES;
				CLANG_WARN__DUPLICATE_METHOD_MATCH = YES;
				ENABLE_STRICT_OBJC_MSGSEND = YES;
				FRAMEWORK_SEARCH_PATHS = "";
				GCC_C_LANGUAGE_STANDARD = gnu99;
				GCC_OPTIMIZATION_LEVEL = 0;
				GCC_PREPROCESSOR_DEFINITIONS = (
					DEBUG,
					"COCOS2D_DEBUG=1",
				);
				GCC_SYMBOLS_PRIVATE_EXTERN = NO;
				GCC_VERSION = com.apple.compilers.llvm.clang.1_0;
				GCC_WARN_64_TO_32_BIT_CONVERSION = YES;
				GCC_WARN_ABOUT_RETURN_TYPE = YES;
				GCC_WARN_UNDECLARED_SELECTOR = YES;
				GCC_WARN_UNINITIALIZED_AUTOS = YES;
				GCC_WARN_UNUSED_FUNCTION = YES;
				GCC_WARN_UNUSED_VARIABLE = YES;
				IPHONEOS_DEPLOYMENT_TARGET = 5.1;
				ONLY_ACTIVE_ARCH = YES;
				SDKROOT = iphoneos;
				TARGETED_DEVICE_FAMILY = "1,2";
			};
			name = Debug;
		};
		4BC56FA8183AC73D00FBE566 /* Release */ = {
			isa = XCBuildConfiguration;
			buildSettings = {
				CLANG_ENABLE_MODULES = YES;
				CLANG_WARN_BOOL_CONVERSION = YES;
				CLANG_WARN_CONSTANT_CONVERSION = YES;
				CLANG_WARN_EMPTY_BODY = YES;
				CLANG_WARN_ENUM_CONVERSION = YES;
				CLANG_WARN_INT_CONVERSION = YES;
				CLANG_WARN_UNREACHABLE_CODE = YES;
				CLANG_WARN__DUPLICATE_METHOD_MATCH = YES;
				ENABLE_STRICT_OBJC_MSGSEND = YES;
				FRAMEWORK_SEARCH_PATHS = "";
				GCC_C_LANGUAGE_STANDARD = gnu99;
				GCC_PREPROCESSOR_DEFINITIONS = (
					NDEBUG,
					"NS_BLOCK_ASSERTIONS=1",
				);
				GCC_VERSION = com.apple.compilers.llvm.clang.1_0;
				GCC_WARN_64_TO_32_BIT_CONVERSION = YES;
				GCC_WARN_ABOUT_RETURN_TYPE = YES;
				GCC_WARN_UNDECLARED_SELECTOR = YES;
				GCC_WARN_UNINITIALIZED_AUTOS = YES;
				GCC_WARN_UNUSED_FUNCTION = YES;
				GCC_WARN_UNUSED_VARIABLE = YES;
				IPHONEOS_DEPLOYMENT_TARGET = 5.1;
				SDKROOT = iphoneos;
				TARGETED_DEVICE_FAMILY = "1,2";
			};
			name = Release;
		};
		4BC56FAA183AC73D00FBE566 /* Debug */ = {
			isa = XCBuildConfiguration;
			buildSettings = {
				ALWAYS_SEARCH_USER_PATHS = NO;
				ASSETCATALOG_COMPILER_APPICON_NAME = AppIcon;
				ASSETCATALOG_COMPILER_LAUNCHIMAGE_NAME = LaunchImage;
				CLANG_ENABLE_OBJC_ARC = YES;
				CODE_SIGN_IDENTITY = "iPhone Developer";
				COPY_PHASE_STRIP = NO;
				FRAMEWORK_SEARCH_PATHS = (
					"$(inherited)",
					"$(PROJECT_DIR)/bubblepop/Frameworks",
				);
				GCC_DYNAMIC_NO_PIC = NO;
				HEADER_SEARCH_PATHS = (
					"$(PROJECT_DIR)/bubblepop/Frameworks/Cocos2D.framework/Headers/**",
					"$(inherited)",
				);
				INFOPLIST_FILE = "$(SRCROOT)/bubblepop/Resources/Info.plist";
				IPHONEOS_DEPLOYMENT_TARGET = 5.1.1;
				OTHER_LDFLAGS = (
					"-lz",
					"-lsqlite3",
					"-ObjC",
				);
				PRODUCT_NAME = bubblepop;
				WRAPPER_EXTENSION = app;
			};
			name = Debug;
		};
		4BC56FAB183AC73D00FBE566 /* Release */ = {
			isa = XCBuildConfiguration;
			buildSettings = {
				ALWAYS_SEARCH_USER_PATHS = NO;
				ASSETCATALOG_COMPILER_APPICON_NAME = AppIcon;
				ASSETCATALOG_COMPILER_LAUNCHIMAGE_NAME = LaunchImage;
				CLANG_ENABLE_OBJC_ARC = YES;
				CODE_SIGN_IDENTITY = "iPhone Distribution";
				COPY_PHASE_STRIP = YES;
				FRAMEWORK_SEARCH_PATHS = (
					"$(inherited)",
					"$(PROJECT_DIR)/bubblepop/Frameworks",
				);
				HEADER_SEARCH_PATHS = (
					"$(PROJECT_DIR)/bubblepop/Frameworks/Cocos2D.framework/Headers/**",
					"$(inherited)",
				);
				INFOPLIST_FILE = "$(SRCROOT)/bubblepop/Resources/Info.plist";
				IPHONEOS_DEPLOYMENT_TARGET = 5.1.1;
				OTHER_LDFLAGS = (
					"-lz",
					"-lsqlite3",
					"-ObjC",
				);
				PRODUCT_NAME = bubblepop;
				VALIDATE_PRODUCT = YES;
				WRAPPER_EXTENSION = app;
			};
			name = Release;
		};
/* End XCBuildConfiguration section */

/* Begin XCConfigurationList section */
		4BC56DF1183AC73A00FBE566 /* Build configuration list for PBXProject "bubblepop" */ = {
			isa = XCConfigurationList;
			buildConfigurations = (
				4BC56FA7183AC73D00FBE566 /* Debug */,
				4BC56FA8183AC73D00FBE566 /* Release */,
			);
			defaultConfigurationIsVisible = 0;
			defaultConfigurationName = Release;
		};
		4BC56FA9183AC73D00FBE566 /* Build configuration list for PBXNativeTarget "bubblepop" */ = {
			isa = XCConfigurationList;
			buildConfigurations = (
				4BC56FAA183AC73D00FBE566 /* Debug */,
				4BC56FAB183AC73D00FBE566 /* Release */,
			);
			defaultConfigurationIsVisible = 0;
			defaultConfigurationName = Release;
		};
/* End XCConfigurationList section */
	};
	rootObject = 4BC56DEE183AC73A00FBE566 /* Project object */;
}
